
Microsoft Visual Studio Solution File, Format Version 12.00
# Visual Studio Version 17
VisualStudioVersion = 17.14.36915.13
MinimumVisualStudioVersion = 10.0.40219.1
Project("{FAE04EC0-301F-11D3-BF4B-00C04F79EFBC}") = "Logica", "Calculadora\Logica.csproj", "{EDDBC1FE-C435-49C0-94B5-21A9B6BC92B3}"
EndProject
Project("{FAE04EC0-301F-11D3-BF4B-00C04F79EFBC}") = "FrmCalculadora", "FrmCalculadora\FrmCalculadora.csproj", "{89FCE0DD-D9B4-4F6B-B232-607ACFD3C8FB}"
	ProjectSection(ProjectDependencies) = postProject
		{EDDBC1FE-C435-49C0-94B5-21A9B6BC92B3} = {EDDBC1FE-C435-49C0-94B5-21A9B6BC92B3}
	EndProjectSection
EndProject
Project("{2150E333-8FDC-42A3-9474-1A3956D46DE8}") = "Elementos de la solución", "Elementos de la solución", "{D107F4C8-89CC-BEA8-D3D7-CA6B7733353D}"
	ProjectSection(SolutionItems) = preProject
		.gitignore = .gitignore
	EndProjectSection
EndProject
Global
	GlobalSection(SolutionConfigurationPlatforms) = preSolution
		Debug|Any CPU = Debug|Any CPU
		Release|Any CPU = Release|Any CPU
	EndGlobalSection
	GlobalSection(ProjectConfigurationPlatforms) = postSolution
		{EDDBC1FE-C435-49C0-94B5-21A9B6BC92B3}.Debug|Any CPU.ActiveCfg = Debug|Any CPU
		{EDDBC1FE-C435-49C0-94B5-21A9B6BC92B3}.Debug|Any CPU.Build.0 = Debug|Any CPU
		{EDDBC1FE-C435-49C0-94B5-21A9B6BC92B3}.Release|Any CPU.ActiveCfg = Release|Any CPU
		{EDDBC1FE-C435-49C0-94B5-21A9B6BC92B3}.Release|Any CPU.Build.0 = Release|Any CPU
		{89FCE0DD-D9B4-4F6B-B232-607ACFD3C8FB}.Debug|Any CPU.ActiveCfg = Debug|Any CPU
		{89FCE0DD-D9B4-4F6B-B232-607ACFD3C8FB}.Debug|Any CPU.Build.0 = Debug|Any CPU
		{89FCE0DD-D9B4-4F6B-B232-607ACFD3C8FB}.Release|Any CPU.ActiveCfg = Release|Any CPU
		{89FCE0DD-D9B4-4F6B-B232-607ACFD3C8FB}.Release|Any CPU.Build.0 = Release|Any CPU
	EndGlobalSection
	GlobalSection(SolutionProperties) = preSolution
		HideSolutionNode = FALSE
	EndGlobalSection
	GlobalSection(ExtensibilityGlobals) = postSolution
		SolutionGuid = {37E75C30-8E5B-47AF-9B91-F798787CEBBD}
	EndGlobalSection
EndGlobal
